
Microsoft Visual Studio Solution File, Format Version 12.00
# Visual Studio Version 16
VisualStudioVersion = 16.0.30717.126
MinimumVisualStudioVersion = 10.0.40219.1
Project("{FAE04EC0-301F-11D3-BF4B-00C04F79EFBC}") = "KPISchedulePageTests", "KPISchedulePageTests.csproj", "{319BEE14-1F63-48DD-BEBB-639C1506F9E5}"
EndProject
Global
	GlobalSection(SolutionConfigurationPlatforms) = preSolution
		Debug|Any CPU = Debug|Any CPU
		Release|Any CPU = Release|Any CPU
	EndGlobalSection
	GlobalSection(ProjectConfigurationPlatforms) = postSolution
		{319BEE14-1F63-48DD-BEBB-639C1506F9E5}.Debug|Any CPU.ActiveCfg = Debug|Any CPU
		{319BEE14-1F63-48DD-BEBB-639C1506F9E5}.Debug|Any CPU.Build.0 = Debug|Any CPU
		{319BEE14-1F63-48DD-BEBB-639C1506F9E5}.Release|Any CPU.ActiveCfg = Release|Any CPU
		{319BEE14-1F63-48DD-BEBB-639C1506F9E5}.Release|Any CPU.Build.0 = Release|Any CPU
	EndGlobalSection
	GlobalSection(SolutionProperties) = preSolution
		HideSolutionNode = FALSE
	EndGlobalSection
	GlobalSection(ExtensibilityGlobals) = postSolution
		SolutionGuid = {86345447-EF77-4D2A-B5E5-55B07E2ACF5A}
	EndGlobalSection
EndGlobal
